
Microsoft Visual Studio Solution File, Format Version 12.00
# Visual Studio Version 16
VisualStudioVersion = 16.0.31019.35
MinimumVisualStudioVersion = 10.0.40219.1
Project("{FAE04EC0-301F-11D3-BF4B-00C04F79EFBC}") = "App1_Vagas.UWP", "App1_Vagas\App1_Vagas.UWP\App1_Vagas.UWP.csproj", "{EB9D90B1-423D-41AA-8A86-D8E756843A07}"
EndProject
Project("{FAE04EC0-301F-11D3-BF4B-00C04F79EFBC}") = "App1_Vagas.Android", "App1_Vagas\App1_Vagas.Android\App1_Vagas.Android.csproj", "{A0793F4B-64D8-4D39-A27C-F20100303AAA}"
EndProject
Project("{FAE04EC0-301F-11D3-BF4B-00C04F79EFBC}") = "App1_Vagas.iOS", "App1_Vagas\App1_Vagas.iOS\App1_Vagas.iOS.csproj", "{CFFE82B2-3A54-4BDD-BB8C-AD4761B169F5}"
EndProject
Project("{FAE04EC0-301F-11D3-BF4B-00C04F79EFBC}") = "App1_Vagas", "App1_Vagas\App1_Vagas\App1_Vagas.csproj", "{4B812210-1327-43AA-894C-8F434ED773FC}"
EndProject
Global
	GlobalSection(SolutionConfigurationPlatforms) = preSolution
		Debug|Any CPU = Debug|Any CPU
		Debug|ARM = Debug|ARM
		Debug|iPhone = Debug|iPhone
		Debug|iPhoneSimulator = Debug|iPhoneSimulator
		Debug|x64 = Debug|x64
		Debug|x86 = Debug|x86
		Release|Any CPU = Release|Any CPU
		Release|ARM = Release|ARM
		Release|iPhone = Release|iPhone
		Release|iPhoneSimulator = Release|iPhoneSimulator
		Release|x64 = Release|x64
		Release|x86 = Release|x86
	EndGlobalSection
	GlobalSection(ProjectConfigurationPlatforms) = postSolution
		{EB9D90B1-423D-41AA-8A86-D8E756843A07}.Debug|Any CPU.ActiveCfg = Debug|x86
		{EB9D90B1-423D-41AA-8A86-D8E756843A07}.Debug|Any CPU.Build.0 = Debug|x86
		{EB9D90B1-423D-41AA-8A86-D8E756843A07}.Debug|Any CPU.Deploy.0 = Debug|x86
		{EB9D90B1-423D-41AA-8A86-D8E756843A07}.Debug|ARM.ActiveCfg = Debug|ARM
		{EB9D90B1-423D-41AA-8A86-D8E756843A07}.Debug|ARM.Build.0 = Debug|ARM
		{EB9D90B1-423D-41AA-8A86-D8E756843A07}.Debug|ARM.Deploy.0 = Debug|ARM
		{EB9D90B1-423D-41AA-8A86-D8E756843A07}.Debug|iPhone.ActiveCfg = Debug|x86
		{EB9D90B1-423D-41AA-8A86-D8E756843A07}.Debug|iPhone.Build.0 = Debug|x86
		{EB9D90B1-423D-41AA-8A86-D8E756843A07}.Debug|iPhone.Deploy.0 = Debug|x86
		{EB9D90B1-423D-41AA-8A86-D8E756843A07}.Debug|iPhoneSimulator.ActiveCfg = Debug|x86
		{EB9D90B1-423D-41AA-8A86-D8E756843A07}.Debug|iPhoneSimulator.Build.0 = Debug|x86
		{EB9D90B1-423D-41AA-8A86-D8E756843A07}.Debug|iPhoneSimulator.Deploy.0 = Debug|x86
		{EB9D90B1-423D-41AA-8A86-D8E756843A07}.Debug|x64.ActiveCfg = Debug|x64
		{EB9D90B1-423D-41AA-8A86-D8E756843A07}.Debug|x64.Build.0 = Debug|x64
		{EB9D90B1-423D-41AA-8A86-D8E756843A07}.Debug|x64.Deploy.0 = Debug|x64
		{EB9D90B1-423D-41AA-8A86-D8E756843A07}.Debug|x86.ActiveCfg = Debug|x86
		{EB9D90B1-423D-41AA-8A86-D8E756843A07}.Debug|x86.Build.0 = Debug|x86
		{EB9D90B1-423D-41AA-8A86-D8E756843A07}.Debug|x86.Deploy.0 = Debug|x86
		{EB9D90B1-423D-41AA-8A86-D8E756843A07}.Release|Any CPU.ActiveCfg = Release|x86
		{EB9D90B1-423D-41AA-8A86-D8E756843A07}.Release|Any CPU.Build.0 = Release|x86
		{EB9D90B1-423D-41AA-8A86-D8E756843A07}.Release|Any CPU.Deploy.0 = Release|x86
		{EB9D90B1-423D-41AA-8A86-D8E756843A07}.Release|ARM.ActiveCfg = Release|ARM
		{EB9D90B1-423D-41AA-8A86-D8E756843A07}.Release|ARM.Build.0 = Release|ARM
		{EB9D90B1-423D-41AA-8A86-D8E756843A07}.Release|ARM.Deploy.0 = Release|ARM
		{EB9D90B1-423D-41AA-8A86-D8E756843A07}.Release|iPhone.ActiveCfg = Release|x86
		{EB9D90B1-423D-41AA-8A86-D8E756843A07}.Release|iPhone.Build.0 = Release|x86
		{EB9D90B1-423D-41AA-8A86-D8E756843A07}.Release|iPhone.Deploy.0 = Release|x86
		{EB9D90B1-423D-41AA-8A86-D8E756843A07}.Release|iPhoneSimulator.ActiveCfg = Release|x86
		{EB9D90B1-423D-41AA-8A86-D8E756843A07}.Release|iPhoneSimulator.Build.0 = Release|x86
		{EB9D90B1-423D-41AA-8A86-D8E756843A07}.Release|iPhoneSimulator.Deploy.0 = Release|x86
		{EB9D90B1-423D-41AA-8A86-D8E756843A07}.Release|x64.ActiveCfg = Release|x64
		{EB9D90B1-423D-41AA-8A86-D8E756843A07}.Release|x64.Build.0 = Release|x64
		{EB9D90B1-423D-41AA-8A86-D8E756843A07}.Release|x64.Deploy.0 = Release|x64
		{EB9D90B1-423D-41AA-8A86-D8E756843A07}.Release|x86.ActiveCfg = Release|x86
		{EB9D90B1-423D-41AA-8A86-D8E756843A07}.Release|x86.Build.0 = Release|x86
		{EB9D90B1-423D-41AA-8A86-D8E756843A07}.Release|x86.Deploy.0 = Release|x86
		{A0793F4B-64D8-4D39-A27C-F20100303AAA}.Debug|Any CPU.ActiveCfg = Debug|Any CPU
		{A0793F4B-64D8-4D39-A27C-F20100303AAA}.Debug|Any CPU.Build.0 = Debug|Any CPU
		{A0793F4B-64D8-4D39-A27C-F20100303AAA}.Debug|Any CPU.Deploy.0 = Debug|Any CPU
		{A0793F4B-64D8-4D39-A27C-F20100303AAA}.Debug|ARM.ActiveCfg = Debug|Any CPU
		{A0793F4B-64D8-4D39-A27C-F20100303AAA}.Debug|ARM.Build.0 = Debug|Any CPU
		{A0793F4B-64D8-4D39-A27C-F20100303AAA}.Debug|ARM.Deploy.0 = Debug|Any CPU
		{A0793F4B-64D8-4D39-A27C-F20100303AAA}.Debug|iPhone.ActiveCfg = Debug|Any CPU
		{A0793F4B-64D8-4D39-A27C-F20100303AAA}.Debug|iPhone.Build.0 = Debug|Any CPU
		{A0793F4B-64D8-4D39-A27C-F20100303AAA}.Debug|iPhone.Deploy.0 = Debug|Any CPU
		{A0793F4B-64D8-4D39-A27C-F20100303AAA}.Debug|iPhoneSimulator.ActiveCfg = Debug|Any CPU
		{A0793F4B-64D8-4D39-A27C-F20100303AAA}.Debug|iPhoneSimulator.Build.0 = Debug|Any CPU
		{A0793F4B-64D8-4D39-A27C-F20100303AAA}.Debug|iPhoneSimulator.Deploy.0 = Debug|Any CPU
		{A0793F4B-64D8-4D39-A27C-F20100303AAA}.Debug|x64.ActiveCfg = Debug|Any CPU
		{A0793F4B-64D8-4D39-A27C-F20100303AAA}.Debug|x64.Build.0 = Debug|Any CPU
		{A0793F4B-64D8-4D39-A27C-F20100303AAA}.Debug|x64.Deploy.0 = Debug|Any CPU
		{A0793F4B-64D8-4D39-A27C-F20100303AAA}.Debug|x86.ActiveCfg = Debug|Any CPU
		{A0793F4B-64D8-4D39-A27C-F20100303AAA}.Debug|x86.Build.0 = Debug|Any CPU
		{A0793F4B-64D8-4D39-A27C-F20100303AAA}.Debug|x86.Deploy.0 = Debug|Any CPU
		{A0793F4B-64D8-4D39-A27C-F20100303AAA}.Release|Any CPU.ActiveCfg = Release|Any CPU
		{A0793F4B-64D8-4D39-A27C-F20100303AAA}.Release|Any CPU.Build.0 = Release|Any CPU
		{A0793F4B-64D8-4D39-A27C-F20100303AAA}.Release|Any CPU.Deploy.0 = Release|Any CPU
		{A0793F4B-64D8-4D39-A27C-F20100303AAA}.Release|ARM.ActiveCfg = Release|Any CPU
		{A0793F4B-64D8-4D39-A27C-F20100303AAA}.Release|ARM.Build.0 = Release|Any CPU
		{A0793F4B-64D8-4D39-A27C-F20100303AAA}.Release|ARM.Deploy.0 = Release|Any CPU
		{A0793F4B-64D8-4D39-A27C-F20100303AAA}.Release|iPhone.ActiveCfg = Release|Any CPU
		{A0793F4B-64D8-4D39-A27C-F20100303AAA}.Release|iPhone.Build.0 = Release|Any CPU
		{A0793F4B-64D8-4D39-A27C-F20100303AAA}.Release|iPhone.Deploy.0 = Release|Any CPU
		{A0793F4B-64D8-4D39-A27C-F20100303AAA}.Release|iPhoneSimulator.ActiveCfg = Release|Any CPU
		{A0793F4B-64D8-4D39-A27C-F20100303AAA}.Release|iPhoneSimulator.Build.0 = Release|Any CPU
		{A0793F4B-64D8-4D39-A27C-F20100303AAA}.Release|iPhoneSimulator.Deploy.0 = Release|Any CPU
		{A0793F4B-64D8-4D39-A27C-F20100303AAA}.Release|x64.ActiveCfg = Release|Any CPU
		{A0793F4B-64D8-4D39-A27C-F20100303AAA}.Release|x64.Build.0 = Release|Any CPU
		{A0793F4B-64D8-4D39-A27C-F20100303AAA}.Release|x64.Deploy.0 = Release|Any CPU
		{A0793F4B-64D8-4D39-A27C-F20100303AAA}.Release|x86.ActiveCfg = Release|Any CPU
		{A0793F4B-64D8-4D39-A27C-F20100303AAA}.Release|x86.Build.0 = Release|Any CPU
		{A0793F4B-64D8-4D39-A27C-F20100303AAA}.Release|x86.Deploy.0 = Release|Any CPU
		{CFFE82B2-3A54-4BDD-BB8C-AD4761B169F5}.Debug|Any CPU.ActiveCfg = Debug|iPhoneSimulator
		{CFFE82B2-3A54-4BDD-BB8C-AD4761B169F5}.Debug|Any CPU.Build.0 = Debug|iPhoneSimulator
		{CFFE82B2-3A54-4BDD-BB8C-AD4761B169F5}.Debug|Any CPU.Deploy.0 = Debug|iPhoneSimulator
		{CFFE82B2-3A54-4BDD-BB8C-AD4761B169F5}.Debug|ARM.ActiveCfg = Debug|iPhone
		{CFFE82B2-3A54-4BDD-BB8C-AD4761B169F5}.Debug|ARM.Build.0 = Debug|iPhone
		{CFFE82B2-3A54-4BDD-BB8C-AD4761B169F5}.Debug|ARM.Deploy.0 = Debug|iPhone
		{CFFE82B2-3A54-4BDD-BB8C-AD4761B169F5}.Debug|iPhone.ActiveCfg = Debug|iPhone
		{CFFE82B2-3A54-4BDD-BB8C-AD4761B169F5}.Debug|iPhone.Build.0 = Debug|iPhone
		{CFFE82B2-3A54-4BDD-BB8C-AD4761B169F5}.Debug|iPhone.Deploy.0 = Debug|iPhone
		{CFFE82B2-3A54-4BDD-BB8C-AD4761B169F5}.Debug|iPhoneSimulator.ActiveCfg = Debug|iPhoneSimulator
		{CFFE82B2-3A54-4BDD-BB8C-AD4761B169F5}.Debug|iPhoneSimulator.Build.0 = Debug|iPhoneSimulator
		{CFFE82B2-3A54-4BDD-BB8C-AD4761B169F5}.Debug|iPhoneSimulator.Deploy.0 = Debug|iPhoneSimulator
		{CFFE82B2-3A54-4BDD-BB8C-AD4761B169F5}.Debug|x64.ActiveCfg = Debug|iPhoneSimulator
		{CFFE82B2-3A54-4BDD-BB8C-AD4761B169F5}.Debug|x64.Build.0 = Debug|iPhoneSimulator
		{CFFE82B2-3A54-4BDD-BB8C-AD4761B169F5}.Debug|x64.Deploy.0 = Debug|iPhoneSimulator
		{CFFE82B2-3A54-4BDD-BB8C-AD4761B169F5}.Debug|x86.ActiveCfg = Debug|iPhoneSimulator
		{CFFE82B2-3A54-4BDD-BB8C-AD4761B169F5}.Debug|x86.Build.0 = Debug|iPhoneSimulator
		{CFFE82B2-3A54-4BDD-BB8C-AD4761B169F5}.Debug|x86.Deploy.0 = Debug|iPhoneSimulator
		{CFFE82B2-3A54-4BDD-BB8C-AD4761B169F5}.Release|Any CPU.ActiveCfg = Release|iPhoneSimulator
		{CFFE82B2-3A54-4BDD-BB8C-AD4761B169F5}.Release|Any CPU.Build.0 = Release|iPhoneSimulator
		{CFFE82B2-3A54-4BDD-BB8C-AD4761B169F5}.Release|Any CPU.Deploy.0 = Release|iPhoneSimulator
		{CFFE82B2-3A54-4BDD-BB8C-AD4761B169F5}.Release|ARM.ActiveCfg = Release|iPhoneSimulator
		{CFFE82B2-3A54-4BDD-BB8C-AD4761B169F5}.Release|ARM.Build.0 = Release|iPhoneSimulator
		{CFFE82B2-3A54-4BDD-BB8C-AD4761B169F5}.Release|ARM.Deploy.0 = Release|iPhoneSimulator
		{CFFE82B2-3A54-4BDD-BB8C-AD4761B169F5}.Release|iPhone.ActiveCfg = Release|iPhone
		{CFFE82B2-3A54-4BDD-BB8C-AD4761B169F5}.Release|iPhone.Build.0 = Release|iPhone
		{CFFE82B2-3A54-4BDD-BB8C-AD4761B169F5}.Release|iPhone.Deploy.0 = Release|iPhone
		{CFFE82B2-3A54-4BDD-BB8C-AD4761B169F5}.Release|iPhoneSimulator.ActiveCfg = Release|iPhoneSimulator
		{CFFE82B2-3A54-4BDD-BB8C-AD4761B169F5}.Release|iPhoneSimulator.Build.0 = Release|iPhoneSimulator
		{CFFE82B2-3A54-4BDD-BB8C-AD4761B169F5}.Release|iPhoneSimulator.Deploy.0 = Release|iPhoneSimulator
		{CFFE82B2-3A54-4BDD-BB8C-AD4761B169F5}.Release|x64.ActiveCfg = Release|iPhoneSimulator
		{CFFE82B2-3A54-4BDD-BB8C-AD4761B169F5}.Release|x64.Build.0 = Release|iPhoneSimulator
		{CFFE82B2-3A54-4BDD-BB8C-AD4761B169F5}.Release|x64.Deploy.0 = Release|iPhoneSimulator
		{CFFE82B2-3A54-4BDD-BB8C-AD4761B169F5}.Release|x86.ActiveCfg = Release|iPhoneSimulator
		{CFFE82B2-3A54-4BDD-BB8C-AD4761B169F5}.Release|x86.Build.0 = Release|iPhoneSimulator
		{CFFE82B2-3A54-4BDD-BB8C-AD4761B169F5}.Release|x86.Deploy.0 = Release|iPhoneSimulator
		{4B812210-1327-43AA-894C-8F434ED773FC}.Debug|Any CPU.ActiveCfg = Debug|Any CPU
		{4B812210-1327-43AA-894C-8F434ED773FC}.Debug|Any CPU.Build.0 = Debug|Any CPU
		{4B812210-1327-43AA-894C-8F434ED773FC}.Debug|Any CPU.Deploy.0 = Debug|Any CPU
		{4B812210-1327-43AA-894C-8F434ED773FC}.Debug|ARM.ActiveCfg = Debug|Any CPU
		{4B812210-1327-43AA-894C-8F434ED773FC}.Debug|ARM.Build.0 = Debug|Any CPU
		{4B812210-1327-43AA-894C-8F434ED773FC}.Debug|ARM.Deploy.0 = Debug|Any CPU
		{4B812210-1327-43AA-894C-8F434ED773FC}.Debug|iPhone.ActiveCfg = Debug|Any CPU
		{4B812210-1327-43AA-894C-8F434ED773FC}.Debug|iPhone.Build.0 = Debug|Any CPU
		{4B812210-1327-43AA-894C-8F434ED773FC}.Debug|iPhone.Deploy.0 = Debug|Any CPU
		{4B812210-1327-43AA-894C-8F434ED773FC}.Debug|iPhoneSimulator.ActiveCfg = Debug|Any CPU
		{4B812210-1327-43AA-894C-8F434ED773FC}.Debug|iPhoneSimulator.Build.0 = Debug|Any CPU
		{4B812210-1327-43AA-894C-8F434ED773FC}.Debug|iPhoneSimulator.Deploy.0 = Debug|Any CPU
		{4B812210-1327-43AA-894C-8F434ED773FC}.Debug|x64.ActiveCfg = Debug|Any CPU
		{4B812210-1327-43AA-894C-8F434ED773FC}.Debug|x64.Build.0 = Debug|Any CPU
		{4B812210-1327-43AA-894C-8F434ED773FC}.Debug|x64.Deploy.0 = Debug|Any CPU
		{4B812210-1327-43AA-894C-8F434ED773FC}.Debug|x86.ActiveCfg = Debug|Any CPU
		{4B812210-1327-43AA-894C-8F434ED773FC}.Debug|x86.Build.0 = Debug|Any CPU
		{4B812210-1327-43AA-894C-8F434ED773FC}.Debug|x86.Deploy.0 = Debug|Any CPU
		{4B812210-1327-43AA-894C-8F434ED773FC}.Release|Any CPU.ActiveCfg = Release|Any CPU
		{4B812210-1327-43AA-894C-8F434ED773FC}.Release|Any CPU.Build.0 = Release|Any CPU
		{4B812210-1327-43AA-894C-8F434ED773FC}.Release|Any CPU.Deploy.0 = Release|Any CPU
		{4B812210-1327-43AA-894C-8F434ED773FC}.Release|ARM.ActiveCfg = Release|Any CPU
		{4B812210-1327-43AA-894C-8F434ED773FC}.Release|ARM.Build.0 = Release|Any CPU
		{4B812210-1327-43AA-894C-8F434ED773FC}.Release|ARM.Deploy.0 = Release|Any CPU
		{4B812210-1327-43AA-894C-8F434ED773FC}.Release|iPhone.ActiveCfg = Release|Any CPU
		{4B812210-1327-43AA-894C-8F434ED773FC}.Release|iPhone.Build.0 = Release|Any CPU
		{4B812210-1327-43AA-894C-8F434ED773FC}.Release|iPhone.Deploy.0 = Release|Any CPU
		{4B812210-1327-43AA-894C-8F434ED773FC}.Release|iPhoneSimulator.ActiveCfg = Release|Any CPU
		{4B812210-1327-43AA-894C-8F434ED773FC}.Release|iPhoneSimulator.Build.0 = Release|Any CPU
		{4B812210-1327-43AA-894C-8F434ED773FC}.Release|iPhoneSimulator.Deploy.0 = Release|Any CPU
		{4B812210-1327-43AA-894C-8F434ED773FC}.Release|x64.ActiveCfg = Release|Any CPU
		{4B812210-1327-43AA-894C-8F434ED773FC}.Release|x64.Build.0 = Release|Any CPU
		{4B812210-1327-43AA-894C-8F434ED773FC}.Release|x64.Deploy.0 = Release|Any CPU
		{4B812210-1327-43AA-894C-8F434ED773FC}.Release|x86.ActiveCfg = Release|Any CPU
		{4B812210-1327-43AA-894C-8F434ED773FC}.Release|x86.Build.0 = Release|Any CPU
		{4B812210-1327-43AA-894C-8F434ED773FC}.Release|x86.Deploy.0 = Release|Any CPU
	EndGlobalSection
	GlobalSection(SolutionProperties) = preSolution
		HideSolutionNode = FALSE
	EndGlobalSection
	GlobalSection(ExtensibilityGlobals) = postSolution
		SolutionGuid = {EB2AB6D4-20F1-4BF1-AE32-460DF28D27DA}
	EndGlobalSection
EndGlobal
